
Microsoft Visual Studio Solution File, Format Version 12.00
# Visual Studio Version 17
VisualStudioVersion = 17.14.36401.2 d17.14
MinimumVisualStudioVersion = 10.0.40219.1
Project("{FAE04EC0-301F-11D3-BF4B-00C04F79EFBC}") = "ConstructorReportes", "ConstructorReportes.csproj", "{15252C7A-378D-4D16-8E1C-D898560A277B}"
EndProject
Global
	GlobalSection(SolutionConfigurationPlatforms) = preSolution
		Debug|Any CPU = Debug|Any CPU
		Release|Any CPU = Release|Any CPU
	EndGlobalSection
	GlobalSection(ProjectConfigurationPlatforms) = postSolution
		{15252C7A-378D-4D16-8E1C-D898560A277B}.Debug|Any CPU.ActiveCfg = Debug|Any CPU
		{15252C7A-378D-4D16-8E1C-D898560A277B}.Debug|Any CPU.Build.0 = Debug|Any CPU
		{15252C7A-378D-4D16-8E1C-D898560A277B}.Release|Any CPU.ActiveCfg = Release|Any CPU
		{15252C7A-378D-4D16-8E1C-D898560A277B}.Release|Any CPU.Build.0 = Release|Any CPU
	EndGlobalSection
	GlobalSection(SolutionProperties) = preSolution
		HideSolutionNode = FALSE
	EndGlobalSection
	GlobalSection(ExtensibilityGlobals) = postSolution
		SolutionGuid = {8FBC8720-060B-4BED-B2AA-534FE8462680}
	EndGlobalSection
EndGlobal
